
Microsoft Visual Studio Solution File, Format Version 12.00
# Visual Studio Version 17
VisualStudioVersion = 17.5.33414.496
MinimumVisualStudioVersion = 10.0.40219.1
Project("{FAE04EC0-301F-11D3-BF4B-00C04F79EFBC}") = "ServiciosLinqEscolar", "ServiciosLinqEscolar\ServiciosLinqEscolar.csproj", "{DB42BFB0-139E-4E40-A9B3-50F773774C29}"
EndProject
Project("{FAE04EC0-301F-11D3-BF4B-00C04F79EFBC}") = "FrontEndEscolar", "FrontEndEscolar\FrontEndEscolar.csproj", "{34868800-B7CD-4B0D-A250-C5F31F7BDD86}"
EndProject
Global
	GlobalSection(SolutionConfigurationPlatforms) = preSolution
		Debug|Any CPU = Debug|Any CPU
		Release|Any CPU = Release|Any CPU
	EndGlobalSection
	GlobalSection(ProjectConfigurationPlatforms) = postSolution
		{DB42BFB0-139E-4E40-A9B3-50F773774C29}.Debug|Any CPU.ActiveCfg = Debug|Any CPU
		{DB42BFB0-139E-4E40-A9B3-50F773774C29}.Debug|Any CPU.Build.0 = Debug|Any CPU
		{DB42BFB0-139E-4E40-A9B3-50F773774C29}.Release|Any CPU.ActiveCfg = Release|Any CPU
		{DB42BFB0-139E-4E40-A9B3-50F773774C29}.Release|Any CPU.Build.0 = Release|Any CPU
		{34868800-B7CD-4B0D-A250-C5F31F7BDD86}.Debug|Any CPU.ActiveCfg = Debug|Any CPU
		{34868800-B7CD-4B0D-A250-C5F31F7BDD86}.Debug|Any CPU.Build.0 = Debug|Any CPU
		{34868800-B7CD-4B0D-A250-C5F31F7BDD86}.Release|Any CPU.ActiveCfg = Release|Any CPU
		{34868800-B7CD-4B0D-A250-C5F31F7BDD86}.Release|Any CPU.Build.0 = Release|Any CPU
	EndGlobalSection
	GlobalSection(SolutionProperties) = preSolution
		HideSolutionNode = FALSE
	EndGlobalSection
	GlobalSection(ExtensibilityGlobals) = postSolution
		SolutionGuid = {6FD04ECF-F93E-4F51-BF40-8265624E86F9}
	EndGlobalSection
EndGlobal
